
Microsoft Visual Studio Solution File, Format Version 12.00
# Visual Studio Version 16
VisualStudioVersion = 16.0.30711.63
MinimumVisualStudioVersion = 10.0.40219.1
Project("{FAE04EC0-301F-11D3-BF4B-00C04F79EFBC}") = "HartIPGateway", "HartIPGateway.csproj", "{993F3996-1E4B-4EC7-BD6C-03D67B37E8E1}"
EndProject
Project("{FAE04EC0-301F-11D3-BF4B-00C04F79EFBC}") = "Communication.HartLite", "..\..\HartComLite\Communication.HartLite\Communication.HartLite.csproj", "{FABABCC7-9A94-4DDD-92F2-91427B2BEBB4}"
EndProject
Global
	GlobalSection(SolutionConfigurationPlatforms) = preSolution
		Debug|Any CPU = Debug|Any CPU
		Release|Any CPU = Release|Any CPU
	EndGlobalSection
	GlobalSection(ProjectConfigurationPlatforms) = postSolution
		{993F3996-1E4B-4EC7-BD6C-03D67B37E8E1}.Debug|Any CPU.ActiveCfg = Debug|Any CPU
		{993F3996-1E4B-4EC7-BD6C-03D67B37E8E1}.Debug|Any CPU.Build.0 = Debug|Any CPU
		{993F3996-1E4B-4EC7-BD6C-03D67B37E8E1}.Release|Any CPU.ActiveCfg = Release|Any CPU
		{993F3996-1E4B-4EC7-BD6C-03D67B37E8E1}.Release|Any CPU.Build.0 = Release|Any CPU
		{FABABCC7-9A94-4DDD-92F2-91427B2BEBB4}.Debug|Any CPU.ActiveCfg = Debug|Any CPU
		{FABABCC7-9A94-4DDD-92F2-91427B2BEBB4}.Debug|Any CPU.Build.0 = Debug|Any CPU
		{FABABCC7-9A94-4DDD-92F2-91427B2BEBB4}.Release|Any CPU.ActiveCfg = Release|Any CPU
		{FABABCC7-9A94-4DDD-92F2-91427B2BEBB4}.Release|Any CPU.Build.0 = Release|Any CPU
	EndGlobalSection
	GlobalSection(SolutionProperties) = preSolution
		HideSolutionNode = FALSE
	EndGlobalSection
	GlobalSection(ExtensibilityGlobals) = postSolution
		SolutionGuid = {A7B1D779-FA56-489B-852B-E4DEDCC66B03}
	EndGlobalSection
EndGlobal
